
Microsoft Visual Studio Solution File, Format Version 12.00
# Visual Studio Version 17
VisualStudioVersion = 17.8.34330.188
MinimumVisualStudioVersion = 10.0.40219.1
Project("{FAE04EC0-301F-11D3-BF4B-00C04F79EFBC}") = "aksesuar", "aksesuar\aksesuar.csproj", "{65A481F2-A040-401B-B22E-BE39E7858516}"
EndProject
Global
	GlobalSection(SolutionConfigurationPlatforms) = preSolution
		Debug|Any CPU = Debug|Any CPU
		Release|Any CPU = Release|Any CPU
	EndGlobalSection
	GlobalSection(ProjectConfigurationPlatforms) = postSolution
		{65A481F2-A040-401B-B22E-BE39E7858516}.Debug|Any CPU.ActiveCfg = Debug|Any CPU
		{65A481F2-A040-401B-B22E-BE39E7858516}.Debug|Any CPU.Build.0 = Debug|Any CPU
		{65A481F2-A040-401B-B22E-BE39E7858516}.Release|Any CPU.ActiveCfg = Release|Any CPU
		{65A481F2-A040-401B-B22E-BE39E7858516}.Release|Any CPU.Build.0 = Release|Any CPU
	EndGlobalSection
	GlobalSection(SolutionProperties) = preSolution
		HideSolutionNode = FALSE
	EndGlobalSection
	GlobalSection(ExtensibilityGlobals) = postSolution
		SolutionGuid = {E8AEE5F5-1041-47AA-AE66-7FADBB6672C9}
	EndGlobalSection
EndGlobal
